{
  "name": "meteor-dev-bundle",
  "lockfileVersion": 1,
  "dependencies": {
    "acorn": {
      "version": "5.7.3",
      "resolved": "https://registry.npmjs.org/acorn/-/acorn-5.7.3.tgz",
      "integrity": "sha512-T/zvzYRfbVojPWahDsE5evJdHb3oJoQfFbsrKM7w5Zcs++Tr257tia3BmMP8XYVjp1S9RZXQMh7gao96BlqZOw=="
    },
    "amdefine": {
      "version": "1.0.1",
      "resolved": "https://registry.npmjs.org/amdefine/-/amdefine-1.0.1.tgz",
      "integrity": "sha1-SlKCrBZHKek2Gbz9OtFR+BfOkfU="
    },
    "asap": {
      "version": "2.0.6",
      "resolved": "https://registry.npmjs.org/asap/-/asap-2.0.6.tgz",
      "integrity": "sha1-5QNHYR1+aQlDIIu9r+vLwvuGbUY="
    },
    "detect-libc": {
      "version": "1.0.3",
      "resolved": "https://registry.npmjs.org/detect-libc/-/detect-libc-1.0.3.tgz",
      "integrity": "sha1-+hN8S9aY7fVc1c0CrFWfkaTEups="
    },
    "fibers": {
      "version": "3.1.1",
      "resolved": "https://registry.npmjs.org/fibers/-/fibers-3.1.1.tgz",
      "integrity": "sha512-dl3Ukt08rHVQfY8xGD0ODwyjwrRALtaghuqGH2jByYX1wpY+nAnRQjJ6Dbqq0DnVgNVQ9yibObzbF4IlPyiwPw==",
      "requires": {
        "detect-libc": "^1.0.3"
      }
    },
    "meteor-promise": {
      "version": "0.8.7",
      "resolved": "https://registry.npmjs.org/meteor-promise/-/meteor-promise-0.8.7.tgz",
      "integrity": "sha512-wAu9XI3+35H1YyhTnnk5QXCfdrho5n/0Ltj65DhsUwtFCuktV7hre92FjtJgBbs+RHj5/iZ8Zcbml40EGLcFTQ=="
    },
    "promise": {
      "version": "8.0.2",
      "resolved": "https://registry.npmjs.org/promise/-/promise-8.0.2.tgz",
      "integrity": "sha512-EIyzM39FpVOMbqgzEHhxdrEhtOSDOtjMZQ0M6iVfCE+kWNgCkAyOdnuCWqfmflylftfadU6FkiMgHZA2kUzwRw==",
      "requires": {
        "asap": "~2.0.6"
      }
    },
    "reify": {
      "version": "0.18.1",
      "resolved": "https://registry.npmjs.org/reify/-/reify-0.18.1.tgz",
      "integrity": "sha512-eNiNGxo5Cz/s/7DOeQW5+lTAxMexZPFA8XW/ef6f8WBLtQfYAhDNXxva7ROFC/Wa3q91usYzqJYwC85OXaWUzA==",
      "requires": {
        "acorn": "^5.5.3",
        "semver": "^5.4.1"
      }
    },
    "semver": {
      "version": "5.4.1",
      "resolved": "https://registry.npmjs.org/semver/-/semver-5.4.1.tgz",
      "integrity": "sha512-WfG/X9+oATh81XtllIo/I8gOiY9EXRdv1cQdyykeXK17YcUW3EXUAi2To4pcH6nZtJPr7ZOpM5OMyWJZm+8Rsg=="
    },
    "source-map": {
      "version": "0.1.32",
      "resolved": "https://registry.npmjs.org/source-map/-/source-map-0.1.32.tgz",
      "integrity": "sha1-yLbBZ3l7pHQKjqMyUhYv8IWRsmY=",
      "requires": {
        "amdefine": ">=0.0.4"
      }
    },
    "source-map-support": {
      "version": "https://github.com/meteor/node-source-map-support/tarball/1912478769d76e5df4c365e147f25896aee6375e",
      "integrity": "sha512-2A3Rox3Zq2hUrDE/Vi3LEa/zLCOMj8F1HlMttze0jZmmQLzJjosp1mVtUCMbOTKIurqVm5xOatncI+6KJrngCg==",
      "requires": {
        "source-map": "0.1.32"
      }
    },
    "underscore": {
      "version": "1.5.2",
      "resolved": "https://registry.npmjs.org/underscore/-/underscore-1.5.2.tgz",
      "integrity": "sha1-EzXF5PXm0zu7SwBrqMhqAPVW3gg="
    }
  }
}
